
Microsoft Visual Studio Solution File, Format Version 12.00
# Visual Studio Version 16
VisualStudioVersion = 16.0.30114.105
MinimumVisualStudioVersion = 10.0.40219.1
Project("{2150E333-8FDC-42A3-9474-1A3956D46DE8}") = "src", "src", "{4F7DABC4-F94F-4206-8001-D2039E796C0F}"
EndProject
Project("{F2A71F9B-5D33-465A-A702-920D77279786}") = "Server", "src\Server\Server.fsproj", "{05A754AC-F38B-4D2D-B6DC-2CDE68CB839C}"
EndProject
Project("{F2A71F9B-5D33-465A-A702-920D77279786}") = "Build", "src\Build\Build.fsproj", "{2FD8B9EA-D1FF-40AF-9A4D-6B14DFB8C4BA}"
EndProject
Project("{F2A71F9B-5D33-465A-A702-920D77279786}") = "Tests", "src\Tests\Tests.fsproj", "{E26833F8-A5B8-4F51-ACD9-CC70CD50AF11}"
EndProject
Global
	GlobalSection(SolutionConfigurationPlatforms) = preSolution
		Debug|Any CPU = Debug|Any CPU
		Release|Any CPU = Release|Any CPU
	EndGlobalSection
	GlobalSection(SolutionProperties) = preSolution
		HideSolutionNode = FALSE
	EndGlobalSection
	GlobalSection(ProjectConfigurationPlatforms) = postSolution
		{05A754AC-F38B-4D2D-B6DC-2CDE68CB839C}.Debug|Any CPU.ActiveCfg = Debug|Any CPU
		{05A754AC-F38B-4D2D-B6DC-2CDE68CB839C}.Debug|Any CPU.Build.0 = Debug|Any CPU
		{05A754AC-F38B-4D2D-B6DC-2CDE68CB839C}.Release|Any CPU.ActiveCfg = Release|Any CPU
		{05A754AC-F38B-4D2D-B6DC-2CDE68CB839C}.Release|Any CPU.Build.0 = Release|Any CPU
		{2FD8B9EA-D1FF-40AF-9A4D-6B14DFB8C4BA}.Debug|Any CPU.ActiveCfg = Debug|Any CPU
		{2FD8B9EA-D1FF-40AF-9A4D-6B14DFB8C4BA}.Debug|Any CPU.Build.0 = Debug|Any CPU
		{2FD8B9EA-D1FF-40AF-9A4D-6B14DFB8C4BA}.Release|Any CPU.ActiveCfg = Release|Any CPU
		{2FD8B9EA-D1FF-40AF-9A4D-6B14DFB8C4BA}.Release|Any CPU.Build.0 = Release|Any CPU
		{E26833F8-A5B8-4F51-ACD9-CC70CD50AF11}.Debug|Any CPU.ActiveCfg = Debug|Any CPU
		{E26833F8-A5B8-4F51-ACD9-CC70CD50AF11}.Debug|Any CPU.Build.0 = Debug|Any CPU
		{E26833F8-A5B8-4F51-ACD9-CC70CD50AF11}.Release|Any CPU.ActiveCfg = Release|Any CPU
		{E26833F8-A5B8-4F51-ACD9-CC70CD50AF11}.Release|Any CPU.Build.0 = Release|Any CPU
	EndGlobalSection
	GlobalSection(NestedProjects) = preSolution
		{05A754AC-F38B-4D2D-B6DC-2CDE68CB839C} = {4F7DABC4-F94F-4206-8001-D2039E796C0F}
		{2FD8B9EA-D1FF-40AF-9A4D-6B14DFB8C4BA} = {4F7DABC4-F94F-4206-8001-D2039E796C0F}
		{E26833F8-A5B8-4F51-ACD9-CC70CD50AF11} = {4F7DABC4-F94F-4206-8001-D2039E796C0F}
	EndGlobalSection
EndGlobal
