
Microsoft Visual Studio Solution File, Format Version 12.00
# Visual Studio Version 16
VisualStudioVersion = 16.6.30114.105
MinimumVisualStudioVersion = 10.0.40219.1
Project("{2150E333-8FDC-42A3-9474-1A3956D46DE8}") = "src", "src", "{6B12EBD3-E24E-49C4-91E0-72864BE62663}"
EndProject
Project("{F2A71F9B-5D33-465A-A702-920D77279786}") = "Build", "src\Build\Build.fsproj", "{BFBE84B1-864F-4931-9253-6E34DC66432A}"
EndProject
Project("{2150E333-8FDC-42A3-9474-1A3956D46DE8}") = "Client", "Client", "{0A1B672F-378E-4F3B-B2E9-2FD7C76D0ADB}"
EndProject
Project("{F2A71F9B-5D33-465A-A702-920D77279786}") = "Client", "src\Client\src\Client.fsproj", "{E4BB8A60-01C0-4EAE-B0DA-7C3946134BDC}"
EndProject
Project("{F2A71F9B-5D33-465A-A702-920D77279786}") = "Server", "src\Server\Server.fsproj", "{A4D387D6-2E0E-4988-A8A6-FF7284E5948C}"
EndProject
Project("{F2A71F9B-5D33-465A-A702-920D77279786}") = "Shared", "src\Shared\Shared.fsproj", "{A0AE905F-AD29-4301-9115-CCC382DCCED8}"
EndProject
Project("{F2A71F9B-5D33-465A-A702-920D77279786}") = "Tests", "src\Tests\Tests.fsproj", "{176A84EF-D502-4AAB-8DDC-951518804A51}"
EndProject
Global
	GlobalSection(SolutionConfigurationPlatforms) = preSolution
		Debug|Any CPU = Debug|Any CPU
		Debug|x64 = Debug|x64
		Debug|x86 = Debug|x86
		Release|Any CPU = Release|Any CPU
		Release|x64 = Release|x64
		Release|x86 = Release|x86
	EndGlobalSection
	GlobalSection(SolutionProperties) = preSolution
		HideSolutionNode = FALSE
	EndGlobalSection
	GlobalSection(ProjectConfigurationPlatforms) = postSolution
		{BFBE84B1-864F-4931-9253-6E34DC66432A}.Debug|Any CPU.ActiveCfg = Debug|Any CPU
		{BFBE84B1-864F-4931-9253-6E34DC66432A}.Debug|Any CPU.Build.0 = Debug|Any CPU
		{BFBE84B1-864F-4931-9253-6E34DC66432A}.Debug|x64.ActiveCfg = Debug|Any CPU
		{BFBE84B1-864F-4931-9253-6E34DC66432A}.Debug|x64.Build.0 = Debug|Any CPU
		{BFBE84B1-864F-4931-9253-6E34DC66432A}.Debug|x86.ActiveCfg = Debug|Any CPU
		{BFBE84B1-864F-4931-9253-6E34DC66432A}.Debug|x86.Build.0 = Debug|Any CPU
		{BFBE84B1-864F-4931-9253-6E34DC66432A}.Release|Any CPU.ActiveCfg = Release|Any CPU
		{BFBE84B1-864F-4931-9253-6E34DC66432A}.Release|Any CPU.Build.0 = Release|Any CPU
		{BFBE84B1-864F-4931-9253-6E34DC66432A}.Release|x64.ActiveCfg = Release|Any CPU
		{BFBE84B1-864F-4931-9253-6E34DC66432A}.Release|x64.Build.0 = Release|Any CPU
		{BFBE84B1-864F-4931-9253-6E34DC66432A}.Release|x86.ActiveCfg = Release|Any CPU
		{BFBE84B1-864F-4931-9253-6E34DC66432A}.Release|x86.Build.0 = Release|Any CPU
		{E4BB8A60-01C0-4EAE-B0DA-7C3946134BDC}.Debug|Any CPU.ActiveCfg = Debug|Any CPU
		{E4BB8A60-01C0-4EAE-B0DA-7C3946134BDC}.Debug|Any CPU.Build.0 = Debug|Any CPU
		{E4BB8A60-01C0-4EAE-B0DA-7C3946134BDC}.Debug|x64.ActiveCfg = Debug|Any CPU
		{E4BB8A60-01C0-4EAE-B0DA-7C3946134BDC}.Debug|x64.Build.0 = Debug|Any CPU
		{E4BB8A60-01C0-4EAE-B0DA-7C3946134BDC}.Debug|x86.ActiveCfg = Debug|Any CPU
		{E4BB8A60-01C0-4EAE-B0DA-7C3946134BDC}.Debug|x86.Build.0 = Debug|Any CPU
		{E4BB8A60-01C0-4EAE-B0DA-7C3946134BDC}.Release|Any CPU.ActiveCfg = Release|Any CPU
		{E4BB8A60-01C0-4EAE-B0DA-7C3946134BDC}.Release|Any CPU.Build.0 = Release|Any CPU
		{E4BB8A60-01C0-4EAE-B0DA-7C3946134BDC}.Release|x64.ActiveCfg = Release|Any CPU
		{E4BB8A60-01C0-4EAE-B0DA-7C3946134BDC}.Release|x64.Build.0 = Release|Any CPU
		{E4BB8A60-01C0-4EAE-B0DA-7C3946134BDC}.Release|x86.ActiveCfg = Release|Any CPU
		{E4BB8A60-01C0-4EAE-B0DA-7C3946134BDC}.Release|x86.Build.0 = Release|Any CPU
		{A4D387D6-2E0E-4988-A8A6-FF7284E5948C}.Debug|Any CPU.ActiveCfg = Debug|Any CPU
		{A4D387D6-2E0E-4988-A8A6-FF7284E5948C}.Debug|Any CPU.Build.0 = Debug|Any CPU
		{A4D387D6-2E0E-4988-A8A6-FF7284E5948C}.Debug|x64.ActiveCfg = Debug|Any CPU
		{A4D387D6-2E0E-4988-A8A6-FF7284E5948C}.Debug|x64.Build.0 = Debug|Any CPU
		{A4D387D6-2E0E-4988-A8A6-FF7284E5948C}.Debug|x86.ActiveCfg = Debug|Any CPU
		{A4D387D6-2E0E-4988-A8A6-FF7284E5948C}.Debug|x86.Build.0 = Debug|Any CPU
		{A4D387D6-2E0E-4988-A8A6-FF7284E5948C}.Release|Any CPU.ActiveCfg = Release|Any CPU
		{A4D387D6-2E0E-4988-A8A6-FF7284E5948C}.Release|Any CPU.Build.0 = Release|Any CPU
		{A4D387D6-2E0E-4988-A8A6-FF7284E5948C}.Release|x64.ActiveCfg = Release|Any CPU
		{A4D387D6-2E0E-4988-A8A6-FF7284E5948C}.Release|x64.Build.0 = Release|Any CPU
		{A4D387D6-2E0E-4988-A8A6-FF7284E5948C}.Release|x86.ActiveCfg = Release|Any CPU
		{A4D387D6-2E0E-4988-A8A6-FF7284E5948C}.Release|x86.Build.0 = Release|Any CPU
		{A0AE905F-AD29-4301-9115-CCC382DCCED8}.Debug|Any CPU.ActiveCfg = Debug|Any CPU
		{A0AE905F-AD29-4301-9115-CCC382DCCED8}.Debug|Any CPU.Build.0 = Debug|Any CPU
		{A0AE905F-AD29-4301-9115-CCC382DCCED8}.Debug|x64.ActiveCfg = Debug|Any CPU
		{A0AE905F-AD29-4301-9115-CCC382DCCED8}.Debug|x64.Build.0 = Debug|Any CPU
		{A0AE905F-AD29-4301-9115-CCC382DCCED8}.Debug|x86.ActiveCfg = Debug|Any CPU
		{A0AE905F-AD29-4301-9115-CCC382DCCED8}.Debug|x86.Build.0 = Debug|Any CPU
		{A0AE905F-AD29-4301-9115-CCC382DCCED8}.Release|Any CPU.ActiveCfg = Release|Any CPU
		{A0AE905F-AD29-4301-9115-CCC382DCCED8}.Release|Any CPU.Build.0 = Release|Any CPU
		{A0AE905F-AD29-4301-9115-CCC382DCCED8}.Release|x64.ActiveCfg = Release|Any CPU
		{A0AE905F-AD29-4301-9115-CCC382DCCED8}.Release|x64.Build.0 = Release|Any CPU
		{A0AE905F-AD29-4301-9115-CCC382DCCED8}.Release|x86.ActiveCfg = Release|Any CPU
		{A0AE905F-AD29-4301-9115-CCC382DCCED8}.Release|x86.Build.0 = Release|Any CPU
		{176A84EF-D502-4AAB-8DDC-951518804A51}.Debug|Any CPU.ActiveCfg = Debug|Any CPU
		{176A84EF-D502-4AAB-8DDC-951518804A51}.Debug|Any CPU.Build.0 = Debug|Any CPU
		{176A84EF-D502-4AAB-8DDC-951518804A51}.Debug|x64.ActiveCfg = Debug|Any CPU
		{176A84EF-D502-4AAB-8DDC-951518804A51}.Debug|x64.Build.0 = Debug|Any CPU
		{176A84EF-D502-4AAB-8DDC-951518804A51}.Debug|x86.ActiveCfg = Debug|Any CPU
		{176A84EF-D502-4AAB-8DDC-951518804A51}.Debug|x86.Build.0 = Debug|Any CPU
		{176A84EF-D502-4AAB-8DDC-951518804A51}.Release|Any CPU.ActiveCfg = Release|Any CPU
		{176A84EF-D502-4AAB-8DDC-951518804A51}.Release|Any CPU.Build.0 = Release|Any CPU
		{176A84EF-D502-4AAB-8DDC-951518804A51}.Release|x64.ActiveCfg = Release|Any CPU
		{176A84EF-D502-4AAB-8DDC-951518804A51}.Release|x64.Build.0 = Release|Any CPU
		{176A84EF-D502-4AAB-8DDC-951518804A51}.Release|x86.ActiveCfg = Release|Any CPU
		{176A84EF-D502-4AAB-8DDC-951518804A51}.Release|x86.Build.0 = Release|Any CPU
	EndGlobalSection
	GlobalSection(NestedProjects) = preSolution
		{BFBE84B1-864F-4931-9253-6E34DC66432A} = {6B12EBD3-E24E-49C4-91E0-72864BE62663}
		{0A1B672F-378E-4F3B-B2E9-2FD7C76D0ADB} = {6B12EBD3-E24E-49C4-91E0-72864BE62663}
		{E4BB8A60-01C0-4EAE-B0DA-7C3946134BDC} = {0A1B672F-378E-4F3B-B2E9-2FD7C76D0ADB}
		{A4D387D6-2E0E-4988-A8A6-FF7284E5948C} = {6B12EBD3-E24E-49C4-91E0-72864BE62663}
		{A0AE905F-AD29-4301-9115-CCC382DCCED8} = {6B12EBD3-E24E-49C4-91E0-72864BE62663}
		{176A84EF-D502-4AAB-8DDC-951518804A51} = {6B12EBD3-E24E-49C4-91E0-72864BE62663}
	EndGlobalSection
EndGlobal
